# THIS IS AN AUTOGENERATED FILE. DO NOT EDIT THIS FILE DIRECTLY.
# yarn lockfile v1


"@vercel/ncc@^0.34.0":
  version "0.34.0"
  resolved "https://registry.yarnpkg.com/@vercel/ncc/-/ncc-0.34.0.tgz#d0139528320e46670d949c82967044a8f66db054"
  integrity sha512-G9h5ZLBJ/V57Ou9vz5hI8pda/YQX5HQszCs3AmIus3XzsmRn/0Ptic5otD3xVST8QLKk7AMk7AqpsyQGN7MZ9A==

resolve.exports@^1.1.0:
  version "1.1.0"
  resolved "https://registry.yarnpkg.com/resolve.exports/-/resolve.exports-1.1.0.tgz#5ce842b94b05146c0e03076985d1d0e7e48c90c9"
  integrity sha512-J1l+Zxxp4XK3LUDZ9m60LRJF/mAe4z6a4xyabPHk7pvK5t35dACV32iIjJDFeWZFfZlO29w6SZ67knR0tHzJtQ==
